dependencies:
  espressif/esp_tinyusb:
    component_hash: 18cfcc83bc28b66f008007843a995a6b78d3293ac7befedc93371605e212a06b
    dependencies:
    - name: idf
      require: private
      version: '>=5.0'
    - name: espressif/tinyusb
      registry_url: https://components.espressif.com
      require: public
      version: '>=0.17.0'
    source:
      registry_url: https://components.espressif.com/
      type: service
    targets:
    - esp32s2
    - esp32s3
    - esp32p4
    version: 2.0.0
  espressif/tinyusb:
    component_hash: aa65639878f27a44d349044afd9c3fc134a92bd560874fdac1d836019b5c07ca
    dependencies:
    - name: idf
      require: private
      version: '>=5.0'
    source:
      registry_url: https://components.espressif.com
      type: service
    targets:
    - esp32s2
    - esp32s3
    - esp32p4
    version: 0.18.0~4
  espressif/usb:
    component_hash: af780b3d9ba644b4e426f3651e4048d35c0d211737254d2a93ab453fe0ac0529
    dependencies:
    - name: idf
      require: private
      version: '>=5.4'
    source:
      registry_url: https://components.espressif.com
      type: service
    targets:
    - esp32s2
    - esp32s3
    - esp32p4
    - esp32h4
    - linux
    version: 1.0.0
  espressif/usb_host_cdc_acm:
    component_hash: 0ca1a47f3b568ad539f2db7938aaa2a64f3017bd50a5ee9b410d2f9d7425ecef
    dependencies:
    - name: idf
      require: private
      version: '>=4.4'
    - name: espressif/usb
      registry_url: https://components.espressif.com
      require: public
      rules:
      - if: idf_version >=6.0
      - if: target not in ["linux"]
      version: ^1.0.0
    source:
      registry_url: https://components.espressif.com/
      type: service
    targets:
    - esp32s2
    - esp32s3
    - esp32p4
    - esp32h4
    - linux
    version: 2.1.1
  idf:
    source:
      type: idf
    version: 6.0.0
direct_dependencies:
- espressif/esp_tinyusb
- espressif/usb_host_cdc_acm
- idf
manifest_hash: 3dc6ef6d2f5b592337465f54805594c53691f239e4a001fc35848f717e6f9082
target: esp32s3
version: 2.0.0
